// !$*UTF8*$!
{
	archiveVersion = 1;
	classes = {
	};
	objectVersion = 55;
	objects = {

/* Begin PBXBuildFile section */
		1402D29128912C8300F3C914 /* AppDelegate.swift in Sources */ = {isa = PBXBuildFile; fileRef = 1402D29028912C8300F3C914 /* AppDelegate.swift */; };
		1402D29328912C8300F3C914 /* SceneDelegate.swift in Sources */ = {isa = PBXBuildFile; fileRef = 1402D29228912C8300F3C914 /* SceneDelegate.swift */; };
		1402D29528912C8300F3C914 /* ViewController.swift in Sources */ = {isa = PBXBuildFile; fileRef = 1402D29428912C8300F3C914 /* ViewController.swift */; };
		1402D29828912C8300F3C914 /* Main.storyboard in Resources */ = {isa = PBXBuildFile; fileRef = 1402D29628912C8300F3C914 /* Main.storyboard */; };
		1402D29A28912C8400F3C914 /* Assets.xcassets in Resources */ = {isa = PBXBuildFile; fileRef = 1402D29928912C8400F3C914 /* Assets.xcassets */; };
		1402D29D28912C8400F3C914 /* LaunchScreen.storyboard in Resources */ = {isa = PBXBuildFile; fileRef = 1402D29B28912C8400F3C914 /* LaunchScreen.storyboard */; };
		1402D2A628915A9B00F3C914 /* XIBTableViewCell.swift in Sources */ = {isa = PBXBuildFile; fileRef = 1402D2A428915A9B00F3C914 /* XIBTableViewCell.swift */; };
		1402D2A728915A9B00F3C914 /* XIBTableViewCell.xib in Resources */ = {isa = PBXBuildFile; fileRef = 1402D2A528915A9B00F3C914 /* XIBTableViewCell.xib */; };
/* End PBXBuildFile section */

/* Begin PBXFileReference section */
		1402D28D28912C8300F3C914 /* DidSet 및 테이블뷰 XIB 연습.app */ = {isa = PBXFileReference; explicitFileType = wrapper.application; includeInIndex = 0; path = "DidSet 및 테이블뷰 XIB 연습.app"; sourceTree = BUILT_PRODUCTS_DIR; };
		1402D29028912C8300F3C914 /* AppDelegate.swift */ = {isa = PBXFileReference; lastKnownFileType = sourcecode.swift; path = AppDelegate.swift; sourceTree = "<group>"; };
		1402D29228912C8300F3C914 /* SceneDelegate.swift */ = {isa = PBXFileReference; lastKnownFileType = sourcecode.swift; path = SceneDelegate.swift; sourceTree = "<group>"; };
		1402D29428912C8300F3C914 /* ViewController.swift */ = {isa = PBXFileReference; lastKnownFileType = sourcecode.swift; path = ViewController.swift; sourceTree = "<group>"; };
		1402D29728912C8300F3C914 /* Base */ = {isa = PBXFileReference; lastKnownFileType = file.storyboard; name = Base; path = Base.lproj/Main.storyboard; sourceTree = "<group>"; };
		1402D29928912C8400F3C914 /* Assets.xcassets */ = {isa = PBXFileReference; lastKnownFileType = folder.assetcatalog; path = Assets.xcassets; sourceTree = "<group>"; };
		1402D29C28912C8400F3C914 /* Base */ = {isa = PBXFileReference; lastKnownFileType = file.storyboard; name = Base; path = Base.lproj/LaunchScreen.storyboard; sourceTree = "<group>"; };
		1402D29E28912C8400F3C914 /* Info.plist */ = {isa = PBXFileReference; lastKnownFileType = text.plist.xml; path = Info.plist; sourceTree = "<group>"; };
		1402D2A428915A9B00F3C914 /* XIBTableViewCell.swift */ = {isa = PBXFileReference; lastKnownFileType = sourcecode.swift; path = XIBTableViewCell.swift; sourceTree = "<group>"; };
		1402D2A528915A9B00F3C914 /* XIBTableViewCell.xib */ = {isa = PBXFileReference; lastKnownFileType = file.xib; path = XIBTableViewCell.xib; sourceTree = "<group>"; };
/* End PBXFileReference section */

/* Begin PBXFrameworksBuildPhase section */
		1402D28A28912C8300F3C914 /* Frameworks */ = {
			isa = PBXFrameworksBuildPhase;
			buildActionMask = 2147483647;
			files = (
			);
			runOnlyForDeploymentPostprocessing = 0;
		};
/* End PBXFrameworksBuildPhase section */

/* Begin PBXGroup section */
		1402D28428912C8300F3C914 = {
			isa = PBXGroup;
			children = (
				1402D28F28912C8300F3C914 /* DidSet 및 테이블뷰 XIB 연습 */,
				1402D28E28912C8300F3C914 /* Products */,
			);
			sourceTree = "<group>";
		};
		1402D28E28912C8300F3C914 /* Products */ = {
			isa = PBXGroup;
			children = (
				1402D28D28912C8300F3C914 /* DidSet 및 테이블뷰 XIB 연습.app */,
			);
			name = Products;
			sourceTree = "<group>";
		};
		1402D28F28912C8300F3C914 /* DidSet 및 테이블뷰 XIB 연습 */ = {
			isa = PBXGroup;
			children = (
				1402D29028912C8300F3C914 /* AppDelegate.swift */,
				1402D29228912C8300F3C914 /* SceneDelegate.swift */,
				1402D29428912C8300F3C914 /* ViewController.swift */,
				1402D29628912C8300F3C914 /* Main.storyboard */,
				1402D2A428915A9B00F3C914 /* XIBTableViewCell.swift */,
				1402D2A528915A9B00F3C914 /* XIBTableViewCell.xib */,
				1402D29928912C8400F3C914 /* Assets.xcassets */,
				1402D29B28912C8400F3C914 /* LaunchScreen.storyboard */,
				1402D29E28912C8400F3C914 /* Info.plist */,
			);
			path = "DidSet 및 테이블뷰 XIB 연습";
			sourceTree = "<group>";
		};
/* End PBXGroup section */

/* Begin PBXNativeTarget section */
		1402D28C28912C8300F3C914 /* DidSet 및 테이블뷰 XIB 연습 */ = {
			isa = PBXNativeTarget;
			buildConfigurationList = 1402D2A128912C8400F3C914 /* Build configuration list for PBXNativeTarget "DidSet 및 테이블뷰 XIB 연습" */;
			buildPhases = (
				1402D28928912C8300F3C914 /* Sources */,
				1402D28A28912C8300F3C914 /* Frameworks */,
				1402D28B28912C8300F3C914 /* Resources */,
			);
			buildRules = (
			);
			dependencies = (
			);
			name = "DidSet 및 테이블뷰 XIB 연습";
			productName = "DidSet 및 테이블뷰 XIB 연습";
			productReference = 1402D28D28912C8300F3C914 /* DidSet 및 테이블뷰 XIB 연습.app */;
			productType = "com.apple.product-type.application";
		};
/* End PBXNativeTarget section */

/* Begin PBXProject section */
		1402D28528912C8300F3C914 /* Project object */ = {
			isa = PBXProject;
			attributes = {
				BuildIndependentTargetsInParallel = 1;
				LastSwiftUpdateCheck = 1340;
				LastUpgradeCheck = 1340;
				TargetAttributes = {
					1402D28C28912C8300F3C914 = {
						CreatedOnToolsVersion = 13.4.1;
					};
				};
			};
			buildConfigurationList = 1402D28828912C8300F3C914 /* Build configuration list for PBXProject "DidSet 및 테이블뷰 XIB 연습" */;
			compatibilityVersion = "Xcode 13.0";
			developmentRegion = en;
			hasScannedForEncodings = 0;
			knownRegions = (
				en,
				Base,
			);
			mainGroup = 1402D28428912C8300F3C914;
			productRefGroup = 1402D28E28912C8300F3C914 /* Products */;
			projectDirPath = "";
			projectRoot = "";
			targets = (
				1402D28C28912C8300F3C914 /* DidSet 및 테이블뷰 XIB 연습 */,
			);
		};
/* End PBXProject section */

/* Begin PBXResourcesBuildPhase section */
		1402D28B28912C8300F3C914 /* Resources */ = {
			isa = PBXResourcesBuildPhase;
			buildActionMask = 2147483647;
			files = (
				1402D29D28912C8400F3C914 /* LaunchScreen.storyboard in Resources */,
				1402D29A28912C8400F3C914 /* Assets.xcassets in Resources */,
				1402D29828912C8300F3C914 /* Main.storyboard in Resources */,
				1402D2A728915A9B00F3C914 /* XIBTableViewCell.xib in Resources */,
			);
			runOnlyForDeploymentPostprocessing = 0;
		};
/* End PBXResourcesBuildPhase section */

/* Begin PBXSourcesBuildPhase section */
		1402D28928912C8300F3C914 /* Sources */ = {
			isa = PBXSourcesBuildPhase;
			buildActionMask = 2147483647;
			files = (
				1402D29528912C8300F3C914 /* ViewController.swift in Sources */,
				1402D29128912C8300F3C914 /* AppDelegate.swift in Sources */,
				1402D29328912C8300F3C914 /* SceneDelegate.swift in Sources */,
				1402D2A628915A9B00F3C914 /* XIBTableViewCell.swift in Sources */,
			);
			runOnlyForDeploymentPostprocessing = 0;
		};
/* End PBXSourcesBuildPhase section */

/* Begin PBXVariantGroup section */
		1402D29628912C8300F3C914 /* Main.storyboard */ = {
			isa = PBXVariantGroup;
			children = (
				1402D29728912C8300F3C914 /* Base */,
			);
			name = Main.storyboard;
			sourceTree = "<group>";
		};
		1402D29B28912C8400F3C914 /* LaunchScreen.storyboard */ = {
			isa = PBXVariantGroup;
			children = (
				1402D29C28912C8400F3C914 /* Base */,
			);
			name = LaunchScreen.storyboard;
			sourceTree = "<group>";
		};
/* End PBXVariantGroup section */

/* Begin XCBuildConfiguration section */
		1402D29F28912C8400F3C914 /* Debug */ = {
			isa = XCBuildConfiguration;
			buildSettings = {
				ALWAYS_SEARCH_USER_PATHS = NO;
				CLANG_ANALYZER_NONNULL = YES;
				CLANG_ANALYZER_NUMBER_OBJECT_CONVERSION = YES_AGGRESSIVE;
				CLANG_CXX_LANGUAGE_STANDARD = "gnu++17";
				CLANG_ENABLE_MODULES = YES;
				CLANG_ENABLE_OBJC_ARC = YES;
				CLANG_ENABLE_OBJC_WEAK = YES;
				CLANG_WARN_BLOCK_CAPTURE_AUTORELEASING = YES;
				CLANG_WARN_BOOL_CONVERSION = YES;
				CLANG_WARN_COMMA = YES;
				CLANG_WARN_CONSTANT_CONVERSION = YES;
				CLANG_WARN_DEPRECATED_OBJC_IMPLEMENTATIONS = YES;
				CLANG_WARN_DIRECT_OBJC_ISA_USAGE = YES_ERROR;
				CLANG_WARN_DOCUMENTATION_COMMENTS = YES;
				CLANG_WARN_EMPTY_BODY = YES;
				CLANG_WARN_ENUM_CONVERSION = YES;
				CLANG_WARN_INFINITE_RECURSION = YES;
				CLANG_WARN_INT_CONVERSION = YES;
				CLANG_WARN_NON_LITERAL_NULL_CONVERSION = YES;
				CLANG_WARN_OBJC_IMPLICIT_RETAIN_SELF = YES;
				CLANG_WARN_OBJC_LITERAL_CONVERSION = YES;
				CLANG_WARN_OBJC_ROOT_CLASS = YES_ERROR;
				CLANG_WARN_QUOTED_INCLUDE_IN_FRAMEWORK_HEADER = YES;
				CLANG_WARN_RANGE_LOOP_ANALYSIS = YES;
				CLANG_WARN_STRICT_PROTOTYPES = YES;
				CLANG_WARN_SUSPICIOUS_MOVE = YES;
				CLANG_WARN_UNGUARDED_AVAILABILITY = YES_AGGRESSIVE;
				CLANG_WARN_UNREACHABLE_CODE = YES;
				CLANG_WARN__DUPLICATE_METHOD_MATCH = YES;
				COPY_PHASE_STRIP = NO;
				DEBUG_INFORMATION_FORMAT = dwarf;
				ENABLE_STRICT_OBJC_MSGSEND = YES;
				ENABLE_TESTABILITY = YES;
				GCC_C_LANGUAGE_STANDARD = gnu11;
				GCC_DYNAMIC_NO_PIC = NO;
				GCC_NO_COMMON_BLOCKS = YES;
				GCC_OPTIMIZATION_LEVEL = 0;
				GCC_PREPROCESSOR_DEFINITIONS = (
					"DEBUG=1",
					"$(inherited)",
				);
				GCC_WARN_64_TO_32_BIT_CONVERSION = YES;
				GCC_WARN_ABOUT_RETURN_TYPE = YES_ERROR;
				GCC_WARN_UNDECLARED_SELECTOR = YES;
				GCC_WARN_UNINITIALIZED_AUTOS = YES_AGGRESSIVE;
				GCC_WARN_UNUSED_FUNCTION = YES;
				GCC_WARN_UNUSED_VARIABLE = YES;
				IPHONEOS_DEPLOYMENT_TARGET = 15.5;
				MTL_ENABLE_DEBUG_INFO = INCLUDE_SOURCE;
				MTL_FAST_MATH = YES;
				ONLY_ACTIVE_ARCH = YES;
				SDKROOT = iphoneos;
				SWIFT_ACTIVE_COMPILATION_CONDITIONS = DEBUG;
				SWIFT_OPTIMIZATION_LEVEL = "-Onone";
			};
			name = Debug;
		};
		1402D2A028912C8400F3C914 /* Release */ = {
			isa = XCBuildConfiguration;
			buildSettings = {
				ALWAYS_SEARCH_USER_PATHS = NO;
				CLANG_ANALYZER_NONNULL = YES;
				CLANG_ANALYZER_NUMBER_OBJECT_CONVERSION = YES_AGGRESSIVE;
				CLANG_CXX_LANGUAGE_STANDARD = "gnu++17";
				CLANG_ENABLE_MODULES = YES;
				CLANG_ENABLE_OBJC_ARC = YES;
				CLANG_ENABLE_OBJC_WEAK = YES;
				CLANG_WARN_BLOCK_CAPTURE_AUTORELEASING = YES;
				CLANG_WARN_BOOL_CONVERSION = YES;
				CLANG_WARN_COMMA = YES;
				CLANG_WARN_CONSTANT_CONVERSION = YES;
				CLANG_WARN_DEPRECATED_OBJC_IMPLEMENTATIONS = YES;
				CLANG_WARN_DIRECT_OBJC_ISA_USAGE = YES_ERROR;
				CLANG_WARN_DOCUMENTATION_COMMENTS = YES;
				CLANG_WARN_EMPTY_BODY = YES;
				CLANG_WARN_ENUM_CONVERSION = YES;
				CLANG_WARN_INFINITE_RECURSION = YES;
				CLANG_WARN_INT_CONVERSION = YES;
				CLANG_WARN_NON_LITERAL_NULL_CONVERSION = YES;
				CLANG_WARN_OBJC_IMPLICIT_RETAIN_SELF = YES;
				CLANG_WARN_OBJC_LITERAL_CONVERSION = YES;
				CLANG_WARN_OBJC_ROOT_CLASS = YES_ERROR;
				CLANG_WARN_QUOTED_INCLUDE_IN_FRAMEWORK_HEADER = YES;
				CLANG_WARN_RANGE_LOOP_ANALYSIS = YES;
				CLANG_WARN_STRICT_PROTOTYPES = YES;
				CLANG_WARN_SUSPICIOUS_MOVE = YES;
				CLANG_WARN_UNGUARDED_AVAILABILITY = YES_AGGRESSIVE;
				CLANG_WARN_UNREACHABLE_CODE = YES;
				CLANG_WARN__DUPLICATE_METHOD_MATCH = YES;
				COPY_PHASE_STRIP = NO;
				DEBUG_INFORMATION_FORMAT = "dwarf-with-dsym";
				ENABLE_NS_ASSERTIONS = NO;
				ENABLE_STRICT_OBJC_MSGSEND = YES;
				GCC_C_LANGUAGE_STANDARD = gnu11;
				GCC_NO_COMMON_BLOCKS = YES;
				GCC_WARN_64_TO_32_BIT_CONVERSION = YES;
				GCC_WARN_ABOUT_RETURN_TYPE = YES_ERROR;
				GCC_WARN_UNDECLARED_SELECTOR = YES;
				GCC_WARN_UNINITIALIZED_AUTOS = YES_AGGRESSIVE;
				GCC_WARN_UNUSED_FUNCTION = YES;
				GCC_WARN_UNUSED_VARIABLE = YES;
				IPHONEOS_DEPLOYMENT_TARGET = 15.5;
				MTL_ENABLE_DEBUG_INFO = NO;
				MTL_FAST_MATH = YES;
				SDKROOT = iphoneos;
				SWIFT_COMPILATION_MODE = wholemodule;
				SWIFT_OPTIMIZATION_LEVEL = "-O";
				VALIDATE_PRODUCT = YES;
			};
			name = Release;
		};
		1402D2A228912C8400F3C914 /* Debug */ = {
			isa = XCBuildConfiguration;
			buildSettings = {
				ASSETCATALOG_COMPILER_APPICON_NAME = AppIcon;
				ASSETCATALOG_COMPILER_GLOBAL_ACCENT_COLOR_NAME = AccentColor;
				CODE_SIGN_STYLE = Automatic;
				CURRENT_PROJECT_VERSION = 1;
				GENERATE_INFOPLIST_FILE = YES;
				INFOPLIST_FILE = "DidSet 및 테이블뷰 XIB 연습/Info.plist";
				INFOPLIST_KEY_UIApplicationSupportsIndirectInputEvents = YES;
				INFOPLIST_KEY_UILaunchStoryboardName = LaunchScreen;
				INFOPLIST_KEY_UIMainStoryboardFile = Main;
				INFOPLIST_KEY_UISupportedInterfaceOrientations_iPad = "UIInterfaceOrientationPortrait UIInterfaceOrientationPortraitUpsideDown UIInterfaceOrientationLandscapeLeft UIInterfaceOrientationLandscapeRight";
				INFOPLIST_KEY_UISupportedInterfaceOrientations_iPhone = "UIInterfaceOrientationPortrait UIInterfaceOrientationLandscapeLeft UIInterfaceOrientationLandscapeRight";
				LD_RUNPATH_SEARCH_PATHS = (
					"$(inherited)",
					"@executable_path/Frameworks",
				);
				MARKETING_VERSION = 1.0;
				PRODUCT_BUNDLE_IDENTIFIER = "idhun90.DidSet---------------XIB-------";
				PRODUCT_NAME = "$(TARGET_NAME)";
				SWIFT_EMIT_LOC_STRINGS = YES;
				SWIFT_VERSION = 5.0;
				TARGETED_DEVICE_FAMILY = "1,2";
			};
			name = Debug;
		};
		1402D2A328912C8400F3C914 /* Release */ = {
			isa = XCBuildConfiguration;
			buildSettings = {
				ASSETCATALOG_COMPILER_APPICON_NAME = AppIcon;
				ASSETCATALOG_COMPILER_GLOBAL_ACCENT_COLOR_NAME = AccentColor;
				CODE_SIGN_STYLE = Automatic;
				CURRENT_PROJECT_VERSION = 1;
				GENERATE_INFOPLIST_FILE = YES;
				INFOPLIST_FILE = "DidSet 및 테이블뷰 XIB 연습/Info.plist";
				INFOPLIST_KEY_UIApplicationSupportsIndirectInputEvents = YES;
				INFOPLIST_KEY_UILaunchStoryboardName = LaunchScreen;
				INFOPLIST_KEY_UIMainStoryboardFile = Main;
				INFOPLIST_KEY_UISupportedInterfaceOrientations_iPad = "UIInterfaceOrientationPortrait UIInterfaceOrientationPortraitUpsideDown UIInterfaceOrientationLandscapeLeft UIInterfaceOrientationLandscapeRight";
				INFOPLIST_KEY_UISupportedInterfaceOrientations_iPhone = "UIInterfaceOrientationPortrait UIInterfaceOrientationLandscapeLeft UIInterfaceOrientationLandscapeRight";
				LD_RUNPATH_SEARCH_PATHS = (
					"$(inherited)",
					"@executable_path/Frameworks",
				);
				MARKETING_VERSION = 1.0;
				PRODUCT_BUNDLE_IDENTIFIER = "idhun90.DidSet---------------XIB-------";
				PRODUCT_NAME = "$(TARGET_NAME)";
				SWIFT_EMIT_LOC_STRINGS = YES;
				SWIFT_VERSION = 5.0;
				TARGETED_DEVICE_FAMILY = "1,2";
			};
			name = Release;
		};
/* End XCBuildConfiguration section */

/* Begin XCConfigurationList section */
		1402D28828912C8300F3C914 /* Build configuration list for PBXProject "DidSet 및 테이블뷰 XIB 연습" */ = {
			isa = XCConfigurationList;
			buildConfigurations = (
				1402D29F28912C8400F3C914 /* Debug */,
				1402D2A028912C8400F3C914 /* Release */,
			);
			defaultConfigurationIsVisible = 0;
			defaultConfigurationName = Release;
		};
		1402D2A128912C8400F3C914 /* Build configuration list for PBXNativeTarget "DidSet 및 테이블뷰 XIB 연습" */ = {
			isa = XCConfigurationList;
			buildConfigurations = (
				1402D2A228912C8400F3C914 /* Debug */,
				1402D2A328912C8400F3C914 /* Release */,
			);
			defaultConfigurationIsVisible = 0;
			defaultConfigurationName = Release;
		};
/* End XCConfigurationList section */
	};
	rootObject = 1402D28528912C8300F3C914 /* Project object */;
}
