// !$*UTF8*$!
{
	archiveVersion = 1;
	classes = {
	};
	objectVersion = 55;
	objects = {

/* Begin PBXBuildFile section */
		149E2DF828920CDA00E4DD5C /* ViewPresentableProtocol.swift in Sources */ = {isa = PBXBuildFile; fileRef = 149E2DF728920CDA00E4DD5C /* ViewPresentableProtocol.swift */; };
		149E2DFA2892236800E4DD5C /* LottoViewController.swift in Sources */ = {isa = PBXBuildFile; fileRef = 149E2DF92892236800E4DD5C /* LottoViewController.swift */; };
		149E2DFC2892305200E4DD5C /* TranslateViewController.swift in Sources */ = {isa = PBXBuildFile; fileRef = 149E2DFB2892305200E4DD5C /* TranslateViewController.swift */; };
		149E2DFE28923A9400E4DD5C /* WebViewController.swift in Sources */ = {isa = PBXBuildFile; fileRef = 149E2DFD28923A9400E4DD5C /* WebViewController.swift */; };
		14A34E0E2897527A00FFD440 /* ReusableViewProtocol.swift in Sources */ = {isa = PBXBuildFile; fileRef = 14A34E0D2897527A00FFD440 /* ReusableViewProtocol.swift */; };
		14A34E112897579100FFD440 /* Constant.swift in Sources */ = {isa = PBXBuildFile; fileRef = 14A34E102897579100FFD440 /* Constant.swift */; };
		14A34E1328975FA000FFD440 /* UserDefaultsHelper.swift in Sources */ = {isa = PBXBuildFile; fileRef = 14A34E1228975FA000FFD440 /* UserDefaultsHelper.swift */; };
		14A34E1628977CE400FFD440 /* Alamofire in Frameworks */ = {isa = PBXBuildFile; productRef = 14A34E1528977CE400FFD440 /* Alamofire */; };
		14A34E1928977CFB00FFD440 /* SwiftyJSON in Frameworks */ = {isa = PBXBuildFile; productRef = 14A34E1828977CFB00FFD440 /* SwiftyJSON */; };
		14A34E1B2897EE4800FFD440 /* BeerViewController.swift in Sources */ = {isa = PBXBuildFile; fileRef = 14A34E1A2897EE4800FFD440 /* BeerViewController.swift */; };
		14A34E1E28980B0900FFD440 /* Kingfisher in Frameworks */ = {isa = PBXBuildFile; productRef = 14A34E1D28980B0900FFD440 /* Kingfisher */; };
		14A34E2028980D3000FFD440 /* BeerViewProtocol.swift in Sources */ = {isa = PBXBuildFile; fileRef = 14A34E1F28980D3000FFD440 /* BeerViewProtocol.swift */; };
		14E3EA6528935D3F003524FD /* LocationViewController.swift in Sources */ = {isa = PBXBuildFile; fileRef = 14E3EA6428935D3F003524FD /* LocationViewController.swift */; };
		14E3EA68289384DD003524FD /* SUIT-Regular.ttf in Resources */ = {isa = PBXBuildFile; fileRef = 14E3EA67289384DD003524FD /* SUIT-Regular.ttf */; };
		14EE6EA62890DD8500FC44E4 /* AppDelegate.swift in Sources */ = {isa = PBXBuildFile; fileRef = 14EE6EA52890DD8500FC44E4 /* AppDelegate.swift */; };
		14EE6EA82890DD8500FC44E4 /* SceneDelegate.swift in Sources */ = {isa = PBXBuildFile; fileRef = 14EE6EA72890DD8500FC44E4 /* SceneDelegate.swift */; };
		14EE6EAA2890DD8500FC44E4 /* ViewController.swift in Sources */ = {isa = PBXBuildFile; fileRef = 14EE6EA92890DD8500FC44E4 /* ViewController.swift */; };
		14EE6EAD2890DD8500FC44E4 /* Main.storyboard in Resources */ = {isa = PBXBuildFile; fileRef = 14EE6EAB2890DD8500FC44E4 /* Main.storyboard */; };
		14EE6EAF2890DD8600FC44E4 /* Assets.xcassets in Resources */ = {isa = PBXBuildFile; fileRef = 14EE6EAE2890DD8600FC44E4 /* Assets.xcassets */; };
		14EE6EB22890DD8600FC44E4 /* LaunchScreen.storyboard in Resources */ = {isa = PBXBuildFile; fileRef = 14EE6EB02890DD8600FC44E4 /* LaunchScreen.storyboard */; };
		14EE6EBA2890E1F800FC44E4 /* SearchViewController.swift in Sources */ = {isa = PBXBuildFile; fileRef = 14EE6EB92890E1F800FC44E4 /* SearchViewController.swift */; };
		14EE6EBD2890E4D400FC44E4 /* ListTableViewCell.swift in Sources */ = {isa = PBXBuildFile; fileRef = 14EE6EBB2890E4D400FC44E4 /* ListTableViewCell.swift */; };
		14EE6EBE2890E4D400FC44E4 /* ListTableViewCell.xib in Resources */ = {isa = PBXBuildFile; fileRef = 14EE6EBC2890E4D400FC44E4 /* ListTableViewCell.xib */; };
/* End PBXBuildFile section */

/* Begin PBXFileReference section */
		149E2DF728920CDA00E4DD5C /* ViewPresentableProtocol.swift */ = {isa = PBXFileReference; lastKnownFileType = sourcecode.swift; path = ViewPresentableProtocol.swift; sourceTree = "<group>"; };
		149E2DF92892236800E4DD5C /* LottoViewController.swift */ = {isa = PBXFileReference; lastKnownFileType = sourcecode.swift; path = LottoViewController.swift; sourceTree = "<group>"; };
		149E2DFB2892305200E4DD5C /* TranslateViewController.swift */ = {isa = PBXFileReference; lastKnownFileType = sourcecode.swift; path = TranslateViewController.swift; sourceTree = "<group>"; };
		149E2DFD28923A9400E4DD5C /* WebViewController.swift */ = {isa = PBXFileReference; lastKnownFileType = sourcecode.swift; path = WebViewController.swift; sourceTree = "<group>"; };
		14A34E0D2897527A00FFD440 /* ReusableViewProtocol.swift */ = {isa = PBXFileReference; lastKnownFileType = sourcecode.swift; path = ReusableViewProtocol.swift; sourceTree = "<group>"; };
		14A34E102897579100FFD440 /* Constant.swift */ = {isa = PBXFileReference; lastKnownFileType = sourcecode.swift; path = Constant.swift; sourceTree = "<group>"; };
		14A34E1228975FA000FFD440 /* UserDefaultsHelper.swift */ = {isa = PBXFileReference; lastKnownFileType = sourcecode.swift; path = UserDefaultsHelper.swift; sourceTree = "<group>"; };
		14A34E1A2897EE4800FFD440 /* BeerViewController.swift */ = {isa = PBXFileReference; lastKnownFileType = sourcecode.swift; path = BeerViewController.swift; sourceTree = "<group>"; };
		14A34E1F28980D3000FFD440 /* BeerViewProtocol.swift */ = {isa = PBXFileReference; lastKnownFileType = sourcecode.swift; path = BeerViewProtocol.swift; sourceTree = "<group>"; };
		14E3EA6428935D3F003524FD /* LocationViewController.swift */ = {isa = PBXFileReference; lastKnownFileType = sourcecode.swift; path = LocationViewController.swift; sourceTree = "<group>"; };
		14E3EA67289384DD003524FD /* SUIT-Regular.ttf */ = {isa = PBXFileReference; lastKnownFileType = file; path = "SUIT-Regular.ttf"; sourceTree = "<group>"; };
		14EE6EA22890DD8500FC44E4 /* seSACLecutreNetworkBasic.app */ = {isa = PBXFileReference; explicitFileType = wrapper.application; includeInIndex = 0; path = seSACLecutreNetworkBasic.app; sourceTree = BUILT_PRODUCTS_DIR; };
		14EE6EA52890DD8500FC44E4 /* AppDelegate.swift */ = {isa = PBXFileReference; lastKnownFileType = sourcecode.swift; path = AppDelegate.swift; sourceTree = "<group>"; };
		14EE6EA72890DD8500FC44E4 /* SceneDelegate.swift */ = {isa = PBXFileReference; lastKnownFileType = sourcecode.swift; path = SceneDelegate.swift; sourceTree = "<group>"; };
		14EE6EA92890DD8500FC44E4 /* ViewController.swift */ = {isa = PBXFileReference; lastKnownFileType = sourcecode.swift; path = ViewController.swift; sourceTree = "<group>"; };
		14EE6EAC2890DD8500FC44E4 /* Base */ = {isa = PBXFileReference; lastKnownFileType = file.storyboard; name = Base; path = Base.lproj/Main.storyboard; sourceTree = "<group>"; };
		14EE6EAE2890DD8600FC44E4 /* Assets.xcassets */ = {isa = PBXFileReference; lastKnownFileType = folder.assetcatalog; path = Assets.xcassets; sourceTree = "<group>"; };
		14EE6EB12890DD8600FC44E4 /* Base */ = {isa = PBXFileReference; lastKnownFileType = file.storyboard; name = Base; path = Base.lproj/LaunchScreen.storyboard; sourceTree = "<group>"; };
		14EE6EB32890DD8600FC44E4 /* Info.plist */ = {isa = PBXFileReference; lastKnownFileType = text.plist.xml; path = Info.plist; sourceTree = "<group>"; };
		14EE6EB92890E1F800FC44E4 /* SearchViewController.swift */ = {isa = PBXFileReference; lastKnownFileType = sourcecode.swift; path = SearchViewController.swift; sourceTree = "<group>"; };
		14EE6EBB2890E4D400FC44E4 /* ListTableViewCell.swift */ = {isa = PBXFileReference; lastKnownFileType = sourcecode.swift; path = ListTableViewCell.swift; sourceTree = "<group>"; };
		14EE6EBC2890E4D400FC44E4 /* ListTableViewCell.xib */ = {isa = PBXFileReference; lastKnownFileType = file.xib; path = ListTableViewCell.xib; sourceTree = "<group>"; };
/* End PBXFileReference section */

/* Begin PBXFrameworksBuildPhase section */
		14EE6E9F2890DD8500FC44E4 /* Frameworks */ = {
			isa = PBXFrameworksBuildPhase;
			buildActionMask = 2147483647;
			files = (
				14A34E1E28980B0900FFD440 /* Kingfisher in Frameworks */,
				14A34E1928977CFB00FFD440 /* SwiftyJSON in Frameworks */,
				14A34E1628977CE400FFD440 /* Alamofire in Frameworks */,
			);
			runOnlyForDeploymentPostprocessing = 0;
		};
/* End PBXFrameworksBuildPhase section */

/* Begin PBXGroup section */
		149E2DF628920CA100E4DD5C /* Protocol */ = {
			isa = PBXGroup;
			children = (
				149E2DF728920CDA00E4DD5C /* ViewPresentableProtocol.swift */,
				14A34E0D2897527A00FFD440 /* ReusableViewProtocol.swift */,
				14A34E1F28980D3000FFD440 /* BeerViewProtocol.swift */,
			);
			path = Protocol;
			sourceTree = "<group>";
		};
		14A34E0F2897578100FFD440 /* Constant */ = {
			isa = PBXGroup;
			children = (
				14A34E102897579100FFD440 /* Constant.swift */,
				14A34E1228975FA000FFD440 /* UserDefaultsHelper.swift */,
			);
			path = Constant;
			sourceTree = "<group>";
		};
		14E3EA66289384B0003524FD /* Resource */ = {
			isa = PBXGroup;
			children = (
				14E3EA67289384DD003524FD /* SUIT-Regular.ttf */,
			);
			path = Resource;
			sourceTree = "<group>";
		};
		14EE6E992890DD8500FC44E4 = {
			isa = PBXGroup;
			children = (
				14EE6EA42890DD8500FC44E4 /* seSACLecutreNetworkBasic */,
				14EE6EA32890DD8500FC44E4 /* Products */,
			);
			sourceTree = "<group>";
		};
		14EE6EA32890DD8500FC44E4 /* Products */ = {
			isa = PBXGroup;
			children = (
				14EE6EA22890DD8500FC44E4 /* seSACLecutreNetworkBasic.app */,
			);
			name = Products;
			sourceTree = "<group>";
		};
		14EE6EA42890DD8500FC44E4 /* seSACLecutreNetworkBasic */ = {
			isa = PBXGroup;
			children = (
				14A34E0F2897578100FFD440 /* Constant */,
				14E3EA66289384B0003524FD /* Resource */,
				149E2DF628920CA100E4DD5C /* Protocol */,
				14EE6EA52890DD8500FC44E4 /* AppDelegate.swift */,
				14EE6EA72890DD8500FC44E4 /* SceneDelegate.swift */,
				14EE6EA92890DD8500FC44E4 /* ViewController.swift */,
				14EE6EAB2890DD8500FC44E4 /* Main.storyboard */,
				14A34E1A2897EE4800FFD440 /* BeerViewController.swift */,
				14E3EA6428935D3F003524FD /* LocationViewController.swift */,
				149E2DFD28923A9400E4DD5C /* WebViewController.swift */,
				14EE6EB92890E1F800FC44E4 /* SearchViewController.swift */,
				149E2DFB2892305200E4DD5C /* TranslateViewController.swift */,
				149E2DF92892236800E4DD5C /* LottoViewController.swift */,
				14EE6EBB2890E4D400FC44E4 /* ListTableViewCell.swift */,
				14EE6EBC2890E4D400FC44E4 /* ListTableViewCell.xib */,
				14EE6EAE2890DD8600FC44E4 /* Assets.xcassets */,
				14EE6EB02890DD8600FC44E4 /* LaunchScreen.storyboard */,
				14EE6EB32890DD8600FC44E4 /* Info.plist */,
			);
			path = seSACLecutreNetworkBasic;
			sourceTree = "<group>";
		};
/* End PBXGroup section */

/* Begin PBXNativeTarget section */
		14EE6EA12890DD8500FC44E4 /* seSACLecutreNetworkBasic */ = {
			isa = PBXNativeTarget;
			buildConfigurationList = 14EE6EB62890DD8600FC44E4 /* Build configuration list for PBXNativeTarget "seSACLecutreNetworkBasic" */;
			buildPhases = (
				14EE6E9E2890DD8500FC44E4 /* Sources */,
				14EE6E9F2890DD8500FC44E4 /* Frameworks */,
				14EE6EA02890DD8500FC44E4 /* Resources */,
			);
			buildRules = (
			);
			dependencies = (
			);
			name = seSACLecutreNetworkBasic;
			packageProductDependencies = (
				14A34E1528977CE400FFD440 /* Alamofire */,
				14A34E1828977CFB00FFD440 /* SwiftyJSON */,
				14A34E1D28980B0900FFD440 /* Kingfisher */,
			);
			productName = seSACLecutreNetworkBasic;
			productReference = 14EE6EA22890DD8500FC44E4 /* seSACLecutreNetworkBasic.app */;
			productType = "com.apple.product-type.application";
		};
/* End PBXNativeTarget section */

/* Begin PBXProject section */
		14EE6E9A2890DD8500FC44E4 /* Project object */ = {
			isa = PBXProject;
			attributes = {
				BuildIndependentTargetsInParallel = 1;
				LastSwiftUpdateCheck = 1340;
				LastUpgradeCheck = 1340;
				TargetAttributes = {
					14EE6EA12890DD8500FC44E4 = {
						CreatedOnToolsVersion = 13.4.1;
					};
				};
			};
			buildConfigurationList = 14EE6E9D2890DD8500FC44E4 /* Build configuration list for PBXProject "seSACLecutreNetworkBasic" */;
			compatibilityVersion = "Xcode 13.0";
			developmentRegion = en;
			hasScannedForEncodings = 0;
			knownRegions = (
				en,
				Base,
			);
			mainGroup = 14EE6E992890DD8500FC44E4;
			packageReferences = (
				14A34E1428977CE400FFD440 /* XCRemoteSwiftPackageReference "Alamofire" */,
				14A34E1728977CFB00FFD440 /* XCRemoteSwiftPackageReference "SwiftyJSON" */,
				14A34E1C28980B0900FFD440 /* XCRemoteSwiftPackageReference "Kingfisher" */,
			);
			productRefGroup = 14EE6EA32890DD8500FC44E4 /* Products */;
			projectDirPath = "";
			projectRoot = "";
			targets = (
				14EE6EA12890DD8500FC44E4 /* seSACLecutreNetworkBasic */,
			);
		};
/* End PBXProject section */

/* Begin PBXResourcesBuildPhase section */
		14EE6EA02890DD8500FC44E4 /* Resources */ = {
			isa = PBXResourcesBuildPhase;
			buildActionMask = 2147483647;
			files = (
				14EE6EB22890DD8600FC44E4 /* LaunchScreen.storyboard in Resources */,
				14EE6EBE2890E4D400FC44E4 /* ListTableViewCell.xib in Resources */,
				14EE6EAF2890DD8600FC44E4 /* Assets.xcassets in Resources */,
				14E3EA68289384DD003524FD /* SUIT-Regular.ttf in Resources */,
				14EE6EAD2890DD8500FC44E4 /* Main.storyboard in Resources */,
			);
			runOnlyForDeploymentPostprocessing = 0;
		};
/* End PBXResourcesBuildPhase section */

/* Begin PBXSourcesBuildPhase section */
		14EE6E9E2890DD8500FC44E4 /* Sources */ = {
			isa = PBXSourcesBuildPhase;
			buildActionMask = 2147483647;
			files = (
				14EE6EAA2890DD8500FC44E4 /* ViewController.swift in Sources */,
				14A34E1328975FA000FFD440 /* UserDefaultsHelper.swift in Sources */,
				14A34E1B2897EE4800FFD440 /* BeerViewController.swift in Sources */,
				149E2DFE28923A9400E4DD5C /* WebViewController.swift in Sources */,
				14EE6EA62890DD8500FC44E4 /* AppDelegate.swift in Sources */,
				14EE6EBA2890E1F800FC44E4 /* SearchViewController.swift in Sources */,
				149E2DFA2892236800E4DD5C /* LottoViewController.swift in Sources */,
				14E3EA6528935D3F003524FD /* LocationViewController.swift in Sources */,
				14A34E2028980D3000FFD440 /* BeerViewProtocol.swift in Sources */,
				14EE6EA82890DD8500FC44E4 /* SceneDelegate.swift in Sources */,
				149E2DFC2892305200E4DD5C /* TranslateViewController.swift in Sources */,
				149E2DF828920CDA00E4DD5C /* ViewPresentableProtocol.swift in Sources */,
				14A34E0E2897527A00FFD440 /* ReusableViewProtocol.swift in Sources */,
				14EE6EBD2890E4D400FC44E4 /* ListTableViewCell.swift in Sources */,
				14A34E112897579100FFD440 /* Constant.swift in Sources */,
			);
			runOnlyForDeploymentPostprocessing = 0;
		};
/* End PBXSourcesBuildPhase section */

/* Begin PBXVariantGroup section */
		14EE6EAB2890DD8500FC44E4 /* Main.storyboard */ = {
			isa = PBXVariantGroup;
			children = (
				14EE6EAC2890DD8500FC44E4 /* Base */,
			);
			name = Main.storyboard;
			sourceTree = "<group>";
		};
		14EE6EB02890DD8600FC44E4 /* LaunchScreen.storyboard */ = {
			isa = PBXVariantGroup;
			children = (
				14EE6EB12890DD8600FC44E4 /* Base */,
			);
			name = LaunchScreen.storyboard;
			sourceTree = "<group>";
		};
/* End PBXVariantGroup section */

/* Begin XCBuildConfiguration section */
		14EE6EB42890DD8600FC44E4 /* Debug */ = {
			isa = XCBuildConfiguration;
			buildSettings = {
				ALWAYS_SEARCH_USER_PATHS = NO;
				CLANG_ANALYZER_NONNULL = YES;
				CLANG_ANALYZER_NUMBER_OBJECT_CONVERSION = YES_AGGRESSIVE;
				CLANG_CXX_LANGUAGE_STANDARD = "gnu++17";
				CLANG_ENABLE_MODULES = YES;
				CLANG_ENABLE_OBJC_ARC = YES;
				CLANG_ENABLE_OBJC_WEAK = YES;
				CLANG_WARN_BLOCK_CAPTURE_AUTORELEASING = YES;
				CLANG_WARN_BOOL_CONVERSION = YES;
				CLANG_WARN_COMMA = YES;
				CLANG_WARN_CONSTANT_CONVERSION = YES;
				CLANG_WARN_DEPRECATED_OBJC_IMPLEMENTATIONS = YES;
				CLANG_WARN_DIRECT_OBJC_ISA_USAGE = YES_ERROR;
				CLANG_WARN_DOCUMENTATION_COMMENTS = YES;
				CLANG_WARN_EMPTY_BODY = YES;
				CLANG_WARN_ENUM_CONVERSION = YES;
				CLANG_WARN_INFINITE_RECURSION = YES;
				CLANG_WARN_INT_CONVERSION = YES;
				CLANG_WARN_NON_LITERAL_NULL_CONVERSION = YES;
				CLANG_WARN_OBJC_IMPLICIT_RETAIN_SELF = YES;
				CLANG_WARN_OBJC_LITERAL_CONVERSION = YES;
				CLANG_WARN_OBJC_ROOT_CLASS = YES_ERROR;
				CLANG_WARN_QUOTED_INCLUDE_IN_FRAMEWORK_HEADER = YES;
				CLANG_WARN_RANGE_LOOP_ANALYSIS = YES;
				CLANG_WARN_STRICT_PROTOTYPES = YES;
				CLANG_WARN_SUSPICIOUS_MOVE = YES;
				CLANG_WARN_UNGUARDED_AVAILABILITY = YES_AGGRESSIVE;
				CLANG_WARN_UNREACHABLE_CODE = YES;
				CLANG_WARN__DUPLICATE_METHOD_MATCH = YES;
				COPY_PHASE_STRIP = NO;
				DEBUG_INFORMATION_FORMAT = dwarf;
				ENABLE_STRICT_OBJC_MSGSEND = YES;
				ENABLE_TESTABILITY = YES;
				GCC_C_LANGUAGE_STANDARD = gnu11;
				GCC_DYNAMIC_NO_PIC = NO;
				GCC_NO_COMMON_BLOCKS = YES;
				GCC_OPTIMIZATION_LEVEL = 0;
				GCC_PREPROCESSOR_DEFINITIONS = (
					"DEBUG=1",
					"$(inherited)",
				);
				GCC_WARN_64_TO_32_BIT_CONVERSION = YES;
				GCC_WARN_ABOUT_RETURN_TYPE = YES_ERROR;
				GCC_WARN_UNDECLARED_SELECTOR = YES;
				GCC_WARN_UNINITIALIZED_AUTOS = YES_AGGRESSIVE;
				GCC_WARN_UNUSED_FUNCTION = YES;
				GCC_WARN_UNUSED_VARIABLE = YES;
				IPHONEOS_DEPLOYMENT_TARGET = 15.5;
				MTL_ENABLE_DEBUG_INFO = INCLUDE_SOURCE;
				MTL_FAST_MATH = YES;
				ONLY_ACTIVE_ARCH = YES;
				SDKROOT = iphoneos;
				SWIFT_ACTIVE_COMPILATION_CONDITIONS = DEBUG;
				SWIFT_OPTIMIZATION_LEVEL = "-Onone";
			};
			name = Debug;
		};
		14EE6EB52890DD8600FC44E4 /* Release */ = {
			isa = XCBuildConfiguration;
			buildSettings = {
				ALWAYS_SEARCH_USER_PATHS = NO;
				CLANG_ANALYZER_NONNULL = YES;
				CLANG_ANALYZER_NUMBER_OBJECT_CONVERSION = YES_AGGRESSIVE;
				CLANG_CXX_LANGUAGE_STANDARD = "gnu++17";
				CLANG_ENABLE_MODULES = YES;
				CLANG_ENABLE_OBJC_ARC = YES;
				CLANG_ENABLE_OBJC_WEAK = YES;
				CLANG_WARN_BLOCK_CAPTURE_AUTORELEASING = YES;
				CLANG_WARN_BOOL_CONVERSION = YES;
				CLANG_WARN_COMMA = YES;
				CLANG_WARN_CONSTANT_CONVERSION = YES;
				CLANG_WARN_DEPRECATED_OBJC_IMPLEMENTATIONS = YES;
				CLANG_WARN_DIRECT_OBJC_ISA_USAGE = YES_ERROR;
				CLANG_WARN_DOCUMENTATION_COMMENTS = YES;
				CLANG_WARN_EMPTY_BODY = YES;
				CLANG_WARN_ENUM_CONVERSION = YES;
				CLANG_WARN_INFINITE_RECURSION = YES;
				CLANG_WARN_INT_CONVERSION = YES;
				CLANG_WARN_NON_LITERAL_NULL_CONVERSION = YES;
				CLANG_WARN_OBJC_IMPLICIT_RETAIN_SELF = YES;
				CLANG_WARN_OBJC_LITERAL_CONVERSION = YES;
				CLANG_WARN_OBJC_ROOT_CLASS = YES_ERROR;
				CLANG_WARN_QUOTED_INCLUDE_IN_FRAMEWORK_HEADER = YES;
				CLANG_WARN_RANGE_LOOP_ANALYSIS = YES;
				CLANG_WARN_STRICT_PROTOTYPES = YES;
				CLANG_WARN_SUSPICIOUS_MOVE = YES;
				CLANG_WARN_UNGUARDED_AVAILABILITY = YES_AGGRESSIVE;
				CLANG_WARN_UNREACHABLE_CODE = YES;
				CLANG_WARN__DUPLICATE_METHOD_MATCH = YES;
				COPY_PHASE_STRIP = NO;
				DEBUG_INFORMATION_FORMAT = "dwarf-with-dsym";
				ENABLE_NS_ASSERTIONS = NO;
				ENABLE_STRICT_OBJC_MSGSEND = YES;
				GCC_C_LANGUAGE_STANDARD = gnu11;
				GCC_NO_COMMON_BLOCKS = YES;
				GCC_WARN_64_TO_32_BIT_CONVERSION = YES;
				GCC_WARN_ABOUT_RETURN_TYPE = YES_ERROR;
				GCC_WARN_UNDECLARED_SELECTOR = YES;
				GCC_WARN_UNINITIALIZED_AUTOS = YES_AGGRESSIVE;
				GCC_WARN_UNUSED_FUNCTION = YES;
				GCC_WARN_UNUSED_VARIABLE = YES;
				IPHONEOS_DEPLOYMENT_TARGET = 15.5;
				MTL_ENABLE_DEBUG_INFO = NO;
				MTL_FAST_MATH = YES;
				SDKROOT = iphoneos;
				SWIFT_COMPILATION_MODE = wholemodule;
				SWIFT_OPTIMIZATION_LEVEL = "-O";
				VALIDATE_PRODUCT = YES;
			};
			name = Release;
		};
		14EE6EB72890DD8600FC44E4 /* Debug */ = {
			isa = XCBuildConfiguration;
			buildSettings = {
				ASSETCATALOG_COMPILER_APPICON_NAME = AppIcon;
				ASSETCATALOG_COMPILER_GLOBAL_ACCENT_COLOR_NAME = AccentColor;
				CODE_SIGN_STYLE = Automatic;
				CURRENT_PROJECT_VERSION = 1;
				GENERATE_INFOPLIST_FILE = YES;
				INFOPLIST_FILE = seSACLecutreNetworkBasic/Info.plist;
				INFOPLIST_KEY_UIApplicationSupportsIndirectInputEvents = YES;
				INFOPLIST_KEY_UILaunchStoryboardName = LaunchScreen;
				INFOPLIST_KEY_UIMainStoryboardFile = Main;
				INFOPLIST_KEY_UISupportedInterfaceOrientations_iPad = "UIInterfaceOrientationPortrait UIInterfaceOrientationPortraitUpsideDown UIInterfaceOrientationLandscapeLeft UIInterfaceOrientationLandscapeRight";
				INFOPLIST_KEY_UISupportedInterfaceOrientations_iPhone = "UIInterfaceOrientationPortrait UIInterfaceOrientationLandscapeLeft UIInterfaceOrientationLandscapeRight";
				LD_RUNPATH_SEARCH_PATHS = (
					"$(inherited)",
					"@executable_path/Frameworks",
				);
				MARKETING_VERSION = 1.0;
				PRODUCT_BUNDLE_IDENTIFIER = idhun90.seSACLecutreNetworkBasic;
				PRODUCT_NAME = "$(TARGET_NAME)";
				SWIFT_EMIT_LOC_STRINGS = YES;
				SWIFT_VERSION = 5.0;
				TARGETED_DEVICE_FAMILY = "1,2";
			};
			name = Debug;
		};
		14EE6EB82890DD8600FC44E4 /* Release */ = {
			isa = XCBuildConfiguration;
			buildSettings = {
				ASSETCATALOG_COMPILER_APPICON_NAME = AppIcon;
				ASSETCATALOG_COMPILER_GLOBAL_ACCENT_COLOR_NAME = AccentColor;
				CODE_SIGN_STYLE = Automatic;
				CURRENT_PROJECT_VERSION = 1;
				GENERATE_INFOPLIST_FILE = YES;
				INFOPLIST_FILE = seSACLecutreNetworkBasic/Info.plist;
				INFOPLIST_KEY_UIApplicationSupportsIndirectInputEvents = YES;
				INFOPLIST_KEY_UILaunchStoryboardName = LaunchScreen;
				INFOPLIST_KEY_UIMainStoryboardFile = Main;
				INFOPLIST_KEY_UISupportedInterfaceOrientations_iPad = "UIInterfaceOrientationPortrait UIInterfaceOrientationPortraitUpsideDown UIInterfaceOrientationLandscapeLeft UIInterfaceOrientationLandscapeRight";
				INFOPLIST_KEY_UISupportedInterfaceOrientations_iPhone = "UIInterfaceOrientationPortrait UIInterfaceOrientationLandscapeLeft UIInterfaceOrientationLandscapeRight";
				LD_RUNPATH_SEARCH_PATHS = (
					"$(inherited)",
					"@executable_path/Frameworks",
				);
				MARKETING_VERSION = 1.0;
				PRODUCT_BUNDLE_IDENTIFIER = idhun90.seSACLecutreNetworkBasic;
				PRODUCT_NAME = "$(TARGET_NAME)";
				SWIFT_EMIT_LOC_STRINGS = YES;
				SWIFT_VERSION = 5.0;
				TARGETED_DEVICE_FAMILY = "1,2";
			};
			name = Release;
		};
/* End XCBuildConfiguration section */

/* Begin XCConfigurationList section */
		14EE6E9D2890DD8500FC44E4 /* Build configuration list for PBXProject "seSACLecutreNetworkBasic" */ = {
			isa = XCConfigurationList;
			buildConfigurations = (
				14EE6EB42890DD8600FC44E4 /* Debug */,
				14EE6EB52890DD8600FC44E4 /* Release */,
			);
			defaultConfigurationIsVisible = 0;
			defaultConfigurationName = Release;
		};
		14EE6EB62890DD8600FC44E4 /* Build configuration list for PBXNativeTarget "seSACLecutreNetworkBasic" */ = {
			isa = XCConfigurationList;
			buildConfigurations = (
				14EE6EB72890DD8600FC44E4 /* Debug */,
				14EE6EB82890DD8600FC44E4 /* Release */,
			);
			defaultConfigurationIsVisible = 0;
			defaultConfigurationName = Release;
		};
/* End XCConfigurationList section */

/* Begin XCRemoteSwiftPackageReference section */
		14A34E1428977CE400FFD440 /* XCRemoteSwiftPackageReference "Alamofire" */ = {
			isa = XCRemoteSwiftPackageReference;
			repositoryURL = "https://github.com/Alamofire/Alamofire.git";
			requirement = {
				kind = upToNextMajorVersion;
				minimumVersion = 5.0.0;
			};
		};
		14A34E1728977CFB00FFD440 /* XCRemoteSwiftPackageReference "SwiftyJSON" */ = {
			isa = XCRemoteSwiftPackageReference;
			repositoryURL = "https://github.com/SwiftyJSON/SwiftyJSON.git";
			requirement = {
				kind = upToNextMajorVersion;
				minimumVersion = 5.0.0;
			};
		};
		14A34E1C28980B0900FFD440 /* XCRemoteSwiftPackageReference "Kingfisher" */ = {
			isa = XCRemoteSwiftPackageReference;
			repositoryURL = "https://github.com/onevcat/Kingfisher.git";
			requirement = {
				kind = upToNextMajorVersion;
				minimumVersion = 7.0.0;
			};
		};
/* End XCRemoteSwiftPackageReference section */

/* Begin XCSwiftPackageProductDependency section */
		14A34E1528977CE400FFD440 /* Alamofire */ = {
			isa = XCSwiftPackageProductDependency;
			package = 14A34E1428977CE400FFD440 /* XCRemoteSwiftPackageReference "Alamofire" */;
			productName = Alamofire;
		};
		14A34E1828977CFB00FFD440 /* SwiftyJSON */ = {
			isa = XCSwiftPackageProductDependency;
			package = 14A34E1728977CFB00FFD440 /* XCRemoteSwiftPackageReference "SwiftyJSON" */;
			productName = SwiftyJSON;
		};
		14A34E1D28980B0900FFD440 /* Kingfisher */ = {
			isa = XCSwiftPackageProductDependency;
			package = 14A34E1C28980B0900FFD440 /* XCRemoteSwiftPackageReference "Kingfisher" */;
			productName = Kingfisher;
		};
/* End XCSwiftPackageProductDependency section */
	};
	rootObject = 14EE6E9A2890DD8500FC44E4 /* Project object */;
}
